
Microsoft Visual Studio Solution File, Format Version 12.00
# Visual Studio Version 16
VisualStudioVersion = 16.0.32106.194
MinimumVisualStudioVersion = 10.0.40219.1
Project("{FAE04EC0-301F-11D3-BF4B-00C04F79EFBC}") = "HelloGame", "HelloGame\HelloGame.csproj", "{5ECE71F4-DBC0-4D3A-8FAE-E419F70EFEB8}"
EndProject
Global
	GlobalSection(SolutionConfigurationPlatforms) = preSolution
		Debug|Any CPU = Debug|Any CPU
		Release|Any CPU = Release|Any CPU
	EndGlobalSection
	GlobalSection(ProjectConfigurationPlatforms) = postSolution
		{5ECE71F4-DBC0-4D3A-8FAE-E419F70EFEB8}.Debug|Any CPU.ActiveCfg = Debug|Any CPU
		{5ECE71F4-DBC0-4D3A-8FAE-E419F70EFEB8}.Debug|Any CPU.Build.0 = Debug|Any CPU
		{5ECE71F4-DBC0-4D3A-8FAE-E419F70EFEB8}.Release|Any CPU.ActiveCfg = Release|Any CPU
		{5ECE71F4-DBC0-4D3A-8FAE-E419F70EFEB8}.Release|Any CPU.Build.0 = Release|Any CPU
	EndGlobalSection
	GlobalSection(SolutionProperties) = preSolution
		HideSolutionNode = FALSE
	EndGlobalSection
	GlobalSection(ExtensibilityGlobals) = postSolution
		SolutionGuid = {36DB3FEB-D5DC-4573-BF23-2F1488B7E1AB}
	EndGlobalSection
EndGlobal
